
Microsoft Visual Studio Solution File, Format Version 12.00
# Visual Studio Version 17
VisualStudioVersion = 17.14.36518.9 d17.14
MinimumVisualStudioVersion = 10.0.40219.1
Project("{FAE04EC0-301F-11D3-BF4B-00C04F79EFBC}") = "Advanced Programming 1", "Advanced Programming 1.csproj", "{BCC60516-1BEA-42C7-B01A-1222D87E0516}"
EndProject
Global
	GlobalSection(SolutionConfigurationPlatforms) = preSolution
		Debug|Any CPU = Debug|Any CPU
		Release|Any CPU = Release|Any CPU
	EndGlobalSection
	GlobalSection(ProjectConfigurationPlatforms) = postSolution
		{BCC60516-1BEA-42C7-B01A-1222D87E0516}.Debug|Any CPU.ActiveCfg = Debug|Any CPU
		{BCC60516-1BEA-42C7-B01A-1222D87E0516}.Debug|Any CPU.Build.0 = Debug|Any CPU
		{BCC60516-1BEA-42C7-B01A-1222D87E0516}.Release|Any CPU.ActiveCfg = Release|Any CPU
		{BCC60516-1BEA-42C7-B01A-1222D87E0516}.Release|Any CPU.Build.0 = Release|Any CPU
	EndGlobalSection
	GlobalSection(SolutionProperties) = preSolution
		HideSolutionNode = FALSE
	EndGlobalSection
	GlobalSection(ExtensibilityGlobals) = postSolution
		SolutionGuid = {9C2FE5FA-AEB0-4A01-B8CF-21603C5B1AC7}
	EndGlobalSection
EndGlobal
